
Microsoft Visual Studio Solution File, Format Version 12.00
# Visual Studio Version 16
VisualStudioVersion = 16.0.31112.23
MinimumVisualStudioVersion = 10.0.40219.1
Project("{FAE04EC0-301F-11D3-BF4B-00C04F79EFBC}") = "21.09.21", "21.09.21\21.09.21.csproj", "{423F9348-70D7-41B7-91DD-91E5C4B1BB72}"
EndProject
Global
	GlobalSection(SolutionConfigurationPlatforms) = preSolution
		Debug|Any CPU = Debug|Any CPU
		Release|Any CPU = Release|Any CPU
	EndGlobalSection
	GlobalSection(ProjectConfigurationPlatforms) = postSolution
		{423F9348-70D7-41B7-91DD-91E5C4B1BB72}.Debug|Any CPU.ActiveCfg = Debug|Any CPU
		{423F9348-70D7-41B7-91DD-91E5C4B1BB72}.Debug|Any CPU.Build.0 = Debug|Any CPU
		{423F9348-70D7-41B7-91DD-91E5C4B1BB72}.Release|Any CPU.ActiveCfg = Release|Any CPU
		{423F9348-70D7-41B7-91DD-91E5C4B1BB72}.Release|Any CPU.Build.0 = Release|Any CPU
	EndGlobalSection
	GlobalSection(SolutionProperties) = preSolution
		HideSolutionNode = FALSE
	EndGlobalSection
	GlobalSection(ExtensibilityGlobals) = postSolution
		SolutionGuid = {A75A2170-439C-4187-B12C-636181244E5A}
	EndGlobalSection
EndGlobal
